
Microsoft Visual Studio Solution File, Format Version 12.00
# Visual Studio Version 17
VisualStudioVersion = 17.2.32602.215
MinimumVisualStudioVersion = 10.0.40219.1
Project("{9A19103F-16F7-4668-BE54-9A1E7A4F7556}") = "AI.SignalLabs", "AI.SignalLabs\AI.SignalLabs.csproj", "{1E7C8E03-0322-4E8D-AFA8-04F99B52D1C4}"
EndProject
Project("{FAE04EC0-301F-11D3-BF4B-00C04F79EFBC}") = "ModulationTest", "ModulationTest\ModulationTest.csproj", "{8466D8B9-1231-4C44-A065-56328870D7C8}"
EndProject
Project("{9A19103F-16F7-4668-BE54-9A1E7A4F7556}") = "AICrossPlatform", "..\AIFrameworkOpen\src\AICrossPlatform\AICrossPlatform.csproj", "{BAAAE403-08B6-40B6-AA9F-8532FF8EAE63}"
EndProject
Project("{FAE04EC0-301F-11D3-BF4B-00C04F79EFBC}") = "AIChartCV", "..\AIFrameworkOpen\src\AIChartCV\AIChartCV.csproj", "{2ED3435F-F827-41E2-82B4-ED781A16B156}"
EndProject
Project("{FAE04EC0-301F-11D3-BF4B-00C04F79EFBC}") = "QAM8", "QAM8\QAM8.csproj", "{2B3F559E-2E7C-43C2-82C0-F8726B9B6161}"
EndProject
Project("{9A19103F-16F7-4668-BE54-9A1E7A4F7556}") = "AI.DataPrepaire", "..\AIFrameworkOpen\src\AI.DataPrepaire\AI.DataPrepaire.csproj", "{030FDEBB-0D54-4B2A-A915-401E2EA15835}"
EndProject
Project("{9A19103F-16F7-4668-BE54-9A1E7A4F7556}") = "AI.ONNX", "..\AIFrameworkOpen\src\AI.ONNX\AI.ONNX.csproj", "{8EBF07A7-B0E6-433D-96EC-1336447C1DE2}"
EndProject
Global
	GlobalSection(SolutionConfigurationPlatforms) = preSolution
		Debug|Any CPU = Debug|Any CPU
		Release|Any CPU = Release|Any CPU
	EndGlobalSection
	GlobalSection(ProjectConfigurationPlatforms) = postSolution
		{1E7C8E03-0322-4E8D-AFA8-04F99B52D1C4}.Debug|Any CPU.ActiveCfg = Debug|Any CPU
		{1E7C8E03-0322-4E8D-AFA8-04F99B52D1C4}.Debug|Any CPU.Build.0 = Debug|Any CPU
		{1E7C8E03-0322-4E8D-AFA8-04F99B52D1C4}.Release|Any CPU.ActiveCfg = Release|Any CPU
		{1E7C8E03-0322-4E8D-AFA8-04F99B52D1C4}.Release|Any CPU.Build.0 = Release|Any CPU
		{8466D8B9-1231-4C44-A065-56328870D7C8}.Debug|Any CPU.ActiveCfg = Debug|Any CPU
		{8466D8B9-1231-4C44-A065-56328870D7C8}.Debug|Any CPU.Build.0 = Debug|Any CPU
		{8466D8B9-1231-4C44-A065-56328870D7C8}.Release|Any CPU.ActiveCfg = Release|Any CPU
		{8466D8B9-1231-4C44-A065-56328870D7C8}.Release|Any CPU.Build.0 = Release|Any CPU
		{BAAAE403-08B6-40B6-AA9F-8532FF8EAE63}.Debug|Any CPU.ActiveCfg = Debug|Any CPU
		{BAAAE403-08B6-40B6-AA9F-8532FF8EAE63}.Debug|Any CPU.Build.0 = Debug|Any CPU
		{BAAAE403-08B6-40B6-AA9F-8532FF8EAE63}.Release|Any CPU.ActiveCfg = Release|Any CPU
		{BAAAE403-08B6-40B6-AA9F-8532FF8EAE63}.Release|Any CPU.Build.0 = Release|Any CPU
		{2ED3435F-F827-41E2-82B4-ED781A16B156}.Debug|Any CPU.ActiveCfg = Debug|Any CPU
		{2ED3435F-F827-41E2-82B4-ED781A16B156}.Debug|Any CPU.Build.0 = Debug|Any CPU
		{2ED3435F-F827-41E2-82B4-ED781A16B156}.Release|Any CPU.ActiveCfg = Release|Any CPU
		{2ED3435F-F827-41E2-82B4-ED781A16B156}.Release|Any CPU.Build.0 = Release|Any CPU
		{2B3F559E-2E7C-43C2-82C0-F8726B9B6161}.Debug|Any CPU.ActiveCfg = Debug|Any CPU
		{2B3F559E-2E7C-43C2-82C0-F8726B9B6161}.Debug|Any CPU.Build.0 = Debug|Any CPU
		{2B3F559E-2E7C-43C2-82C0-F8726B9B6161}.Release|Any CPU.ActiveCfg = Release|Any CPU
		{2B3F559E-2E7C-43C2-82C0-F8726B9B6161}.Release|Any CPU.Build.0 = Release|Any CPU
		{030FDEBB-0D54-4B2A-A915-401E2EA15835}.Debug|Any CPU.ActiveCfg = Debug|Any CPU
		{030FDEBB-0D54-4B2A-A915-401E2EA15835}.Debug|Any CPU.Build.0 = Debug|Any CPU
		{030FDEBB-0D54-4B2A-A915-401E2EA15835}.Release|Any CPU.ActiveCfg = Release|Any CPU
		{030FDEBB-0D54-4B2A-A915-401E2EA15835}.Release|Any CPU.Build.0 = Release|Any CPU
		{8EBF07A7-B0E6-433D-96EC-1336447C1DE2}.Debug|Any CPU.ActiveCfg = Debug|Any CPU
		{8EBF07A7-B0E6-433D-96EC-1336447C1DE2}.Debug|Any CPU.Build.0 = Debug|Any CPU
		{8EBF07A7-B0E6-433D-96EC-1336447C1DE2}.Release|Any CPU.ActiveCfg = Release|Any CPU
		{8EBF07A7-B0E6-433D-96EC-1336447C1DE2}.Release|Any CPU.Build.0 = Release|Any CPU
	EndGlobalSection
	GlobalSection(SolutionProperties) = preSolution
		HideSolutionNode = FALSE
	EndGlobalSection
	GlobalSection(ExtensibilityGlobals) = postSolution
		SolutionGuid = {4A93D1A6-E1D1-4385-88F3-6DFE5424014D}
	EndGlobalSection
EndGlobal
